// !$*UTF8*$!
{
	archiveVersion = 1;
	classes = {
	};
	objectVersion = 56;
	objects = {

/* Begin PBXBuildFile section */
		033859A12BED4D0800A15F73 /* PokemonConstants.swift in Sources */ = {isa = PBXBuildFile; fileRef = 033859A02BED4D0800A15F73 /* PokemonConstants.swift */; };
		033859A42BED4DD700A15F73 /* PokemonCellView.swift in Sources */ = {isa = PBXBuildFile; fileRef = 033859A32BED4DD700A15F73 /* PokemonCellView.swift */; };
		033859A92BED775700A15F73 /* PokemonManager.swift in Sources */ = {isa = PBXBuildFile; fileRef = 033859A82BED775700A15F73 /* PokemonManager.swift */; };
		033859AC2BED81D500A15F73 /* PokemonDataModel.swift in Sources */ = {isa = PBXBuildFile; fileRef = 033859AB2BED81D500A15F73 /* PokemonDataModel.swift */; };
		033859AE2BEE18E600A15F73 /* AsyncImageView.swift in Sources */ = {isa = PBXBuildFile; fileRef = 033859AD2BEE18E600A15F73 /* AsyncImageView.swift */; };
		0347A1602BEE64A600B66A7A /* AppLoader.swift in Sources */ = {isa = PBXBuildFile; fileRef = 0347A15F2BEE64A600B66A7A /* AppLoader.swift */; };
		0347A1622BEE652800B66A7A /* AppModule.swift in Sources */ = {isa = PBXBuildFile; fileRef = 0347A1612BEE652800B66A7A /* AppModule.swift */; };
		0347A1642BEE65CD00B66A7A /* PokemonListModule.swift in Sources */ = {isa = PBXBuildFile; fileRef = 0347A1632BEE65CD00B66A7A /* PokemonListModule.swift */; };
		0347A1672BEE76C500B66A7A /* PokemonModule.swift in Sources */ = {isa = PBXBuildFile; fileRef = 0347A1662BEE76C500B66A7A /* PokemonModule.swift */; };
		0347A1692BEE772E00B66A7A /* PokemonDetailRouter.swift in Sources */ = {isa = PBXBuildFile; fileRef = 0347A1682BEE772E00B66A7A /* PokemonDetailRouter.swift */; };
		0347A16B2BEE778B00B66A7A /* PokemonDetailInteractor.swift in Sources */ = {isa = PBXBuildFile; fileRef = 0347A16A2BEE778B00B66A7A /* PokemonDetailInteractor.swift */; };
		0347A16D2BEE77E900B66A7A /* PokemonDetailPresenter.swift in Sources */ = {isa = PBXBuildFile; fileRef = 0347A16C2BEE77E900B66A7A /* PokemonDetailPresenter.swift */; };
		0347A16F2BEE786900B66A7A /* PokemonDetailViewController.swift in Sources */ = {isa = PBXBuildFile; fileRef = 0347A16E2BEE786900B66A7A /* PokemonDetailViewController.swift */; };
		0347A1722BEF5BCE00B66A7A /* PokemonViewModelFactory.swift in Sources */ = {isa = PBXBuildFile; fileRef = 0347A1712BEF5BCE00B66A7A /* PokemonViewModelFactory.swift */; };
		035B23472BF0AF180038233C /* PokemonService.swift in Sources */ = {isa = PBXBuildFile; fileRef = 035B23462BF0AF180038233C /* PokemonService.swift */; };
		035B234A2BF0AF7A0038233C /* PokemonRequestTypes.swift in Sources */ = {isa = PBXBuildFile; fileRef = 035B23492BF0AF7A0038233C /* PokemonRequestTypes.swift */; };
		035B234C2BF172E40038233C /* StatStackView.swift in Sources */ = {isa = PBXBuildFile; fileRef = 035B234B2BF172E40038233C /* StatStackView.swift */; };
		035B234E2BF184F10038233C /* UILabel+Extension.swift in Sources */ = {isa = PBXBuildFile; fileRef = 035B234D2BF184F10038233C /* UILabel+Extension.swift */; };
		0361932C2BF4B6A300890D4D /* MockPokemonManager.swift in Sources */ = {isa = PBXBuildFile; fileRef = 0361932B2BF4B6A300890D4D /* MockPokemonManager.swift */; };
		0361932E2BF4B92800890D4D /* MockAsyncImageManager.swift in Sources */ = {isa = PBXBuildFile; fileRef = 0361932D2BF4B92800890D4D /* MockAsyncImageManager.swift */; };
		036193302BF4BA6700890D4D /* MockPokemonListPresenter.swift in Sources */ = {isa = PBXBuildFile; fileRef = 0361932F2BF4BA6700890D4D /* MockPokemonListPresenter.swift */; };
		036193322BF4BBCF00890D4D /* MockPokemonListRouter.swift in Sources */ = {isa = PBXBuildFile; fileRef = 036193312BF4BBCF00890D4D /* MockPokemonListRouter.swift */; };
		036193352BF4BFD700890D4D /* PokemonDetailInteractorTests.swift in Sources */ = {isa = PBXBuildFile; fileRef = 036193342BF4BFD700890D4D /* PokemonDetailInteractorTests.swift */; };
		036193372BF4C05D00890D4D /* MockPokemonViewModel.swift in Sources */ = {isa = PBXBuildFile; fileRef = 036193362BF4C05D00890D4D /* MockPokemonViewModel.swift */; };
		0361933F2BF4C47600890D4D /* MockPokemonDetailPresenter.swift in Sources */ = {isa = PBXBuildFile; fileRef = 0361933E2BF4C47600890D4D /* MockPokemonDetailPresenter.swift */; };
		036193412BF4C53900890D4D /* MockPokemonDetailRouter.swift in Sources */ = {isa = PBXBuildFile; fileRef = 036193402BF4C53900890D4D /* MockPokemonDetailRouter.swift */; };
		037372A52BED1A1E00A00B13 /* AppDelegate.swift in Sources */ = {isa = PBXBuildFile; fileRef = 037372A42BED1A1E00A00B13 /* AppDelegate.swift */; };
		037372A72BED1A1E00A00B13 /* SceneDelegate.swift in Sources */ = {isa = PBXBuildFile; fileRef = 037372A62BED1A1E00A00B13 /* SceneDelegate.swift */; };
		037372AE2BED1A1F00A00B13 /* Assets.xcassets in Resources */ = {isa = PBXBuildFile; fileRef = 037372AD2BED1A1F00A00B13 /* Assets.xcassets */; };
		037372B12BED1A1F00A00B13 /* Base in Resources */ = {isa = PBXBuildFile; fileRef = 037372B02BED1A1F00A00B13 /* Base */; };
		037372BC2BED1A1F00A00B13 /* PokemonTests.swift in Sources */ = {isa = PBXBuildFile; fileRef = 037372BB2BED1A1F00A00B13 /* PokemonTests.swift */; };
		037372C62BED1A1F00A00B13 /* PokemonUITests.swift in Sources */ = {isa = PBXBuildFile; fileRef = 037372C52BED1A1F00A00B13 /* PokemonUITests.swift */; };
		037372C82BED1A1F00A00B13 /* PokemonUITestsLaunchTests.swift in Sources */ = {isa = PBXBuildFile; fileRef = 037372C72BED1A1F00A00B13 /* PokemonUITestsLaunchTests.swift */; };
		037372D92BED20BB00A00B13 /* NavigationApperanceBuilder.swift in Sources */ = {isa = PBXBuildFile; fileRef = 037372D82BED20BB00A00B13 /* NavigationApperanceBuilder.swift */; };
		037372DC2BED210800A00B13 /* UIView+Extension.swift in Sources */ = {isa = PBXBuildFile; fileRef = 037372DB2BED210800A00B13 /* UIView+Extension.swift */; };
		037372DE2BED212100A00B13 /* UIStackView+Extension.swift in Sources */ = {isa = PBXBuildFile; fileRef = 037372DD2BED212100A00B13 /* UIStackView+Extension.swift */; };
		037372EA2BED234A00A00B13 /* PokemonViewModel.swift in Sources */ = {isa = PBXBuildFile; fileRef = 037372E42BED234A00A00B13 /* PokemonViewModel.swift */; };
		037372EB2BED234A00A00B13 /* PokemonListInteractor.swift in Sources */ = {isa = PBXBuildFile; fileRef = 037372E52BED234A00A00B13 /* PokemonListInteractor.swift */; };
		037372EC2BED234A00A00B13 /* PokemonListPresenter.swift in Sources */ = {isa = PBXBuildFile; fileRef = 037372E62BED234A00A00B13 /* PokemonListPresenter.swift */; };
		037372ED2BED234A00A00B13 /* PokemonListRouter.swift in Sources */ = {isa = PBXBuildFile; fileRef = 037372E72BED234A00A00B13 /* PokemonListRouter.swift */; };
		037372EE2BED234A00A00B13 /* PokemonListViewController.swift in Sources */ = {isa = PBXBuildFile; fileRef = 037372E82BED234A00A00B13 /* PokemonListViewController.swift */; };
		037372F32BED25C600A00B13 /* ViewController.swift in Sources */ = {isa = PBXBuildFile; fileRef = 037372F22BED25C600A00B13 /* ViewController.swift */; };
		037372F52BED40F100A00B13 /* UIFont+Extension.swift in Sources */ = {isa = PBXBuildFile; fileRef = 037372F42BED40F100A00B13 /* UIFont+Extension.swift */; };
		0377C2862BF257A7007C6EB8 /* PokemonFavoriteDataModel.swift in Sources */ = {isa = PBXBuildFile; fileRef = 0377C2852BF257A7007C6EB8 /* PokemonFavoriteDataModel.swift */; };
		0377C2882BF258D0007C6EB8 /* FavoritePokemonsDataManager.swift in Sources */ = {isa = PBXBuildFile; fileRef = 0377C2872BF258D0007C6EB8 /* FavoritePokemonsDataManager.swift */; };
		0377C28A2BF2BF96007C6EB8 /* AsyncImageManager.swift in Sources */ = {isa = PBXBuildFile; fileRef = 0377C2892BF2BF96007C6EB8 /* AsyncImageManager.swift */; };
		0377C28C2BF2C270007C6EB8 /* PokemonLoader.swift in Sources */ = {isa = PBXBuildFile; fileRef = 0377C28B2BF2C270007C6EB8 /* PokemonLoader.swift */; };
		037AC5982BF3E15000BEC32A /* PokemonImageModel.swift in Sources */ = {isa = PBXBuildFile; fileRef = 037AC5972BF3E15000BEC32A /* PokemonImageModel.swift */; };
		037AC59A2BF3EC7700BEC32A /* PokemonStatSliderView.swift in Sources */ = {isa = PBXBuildFile; fileRef = 037AC5992BF3EC7700BEC32A /* PokemonStatSliderView.swift */; };
		037AC59C2BF4146500BEC32A /* PokemonManagerTests.swift in Sources */ = {isa = PBXBuildFile; fileRef = 037AC59B2BF4146500BEC32A /* PokemonManagerTests.swift */; };
		037AC5A02BF414E700BEC32A /* MockPokemonService.swift in Sources */ = {isa = PBXBuildFile; fileRef = 037AC59F2BF414E700BEC32A /* MockPokemonService.swift */; };
		037AC5A22BF415A800BEC32A /* MockFavoritePokemonsDataManager.swift in Sources */ = {isa = PBXBuildFile; fileRef = 037AC5A12BF415A800BEC32A /* MockFavoritePokemonsDataManager.swift */; };
		037AC5A42BF4188A00BEC32A /* MockFavoritePokemonDataModel.swift in Sources */ = {isa = PBXBuildFile; fileRef = 037AC5A32BF4188A00BEC32A /* MockFavoritePokemonDataModel.swift */; };
		037AC5A82BF42C0200BEC32A /* PokemonListInteractorTests.swift in Sources */ = {isa = PBXBuildFile; fileRef = 037AC5A72BF42C0200BEC32A /* PokemonListInteractorTests.swift */; };
		36FC147C131DE6E8EC886EE6 /* Pods_Pokemon_PokemonUITests.framework in Frameworks */ = {isa = PBXBuildFile; fileRef = 8239196D63FFCF59DD46EEF9 /* Pods_Pokemon_PokemonUITests.framework */; };
		8C9217AD4859CC465E3B6321 /* Pods_Pokemon.framework in Frameworks */ = {isa = PBXBuildFile; fileRef = 5BF09BA506B87938191FDF1A /* Pods_Pokemon.framework */; };
		8E492B3553CAC2CAE4EA02CD /* Pods_PokemonTests.framework in Frameworks */ = {isa = PBXBuildFile; fileRef = 5546D56E55A594F9DEE6A3A2 /* Pods_PokemonTests.framework */; };
/* End PBXBuildFile section */

/* Begin PBXContainerItemProxy section */
		037372B82BED1A1F00A00B13 /* PBXContainerItemProxy */ = {
			isa = PBXContainerItemProxy;
			containerPortal = 037372992BED1A1E00A00B13 /* Project object */;
			proxyType = 1;
			remoteGlobalIDString = 037372A02BED1A1E00A00B13;
			remoteInfo = Pokemon;
		};
		037372C22BED1A1F00A00B13 /* PBXContainerItemProxy */ = {
			isa = PBXContainerItemProxy;
			containerPortal = 037372992BED1A1E00A00B13 /* Project object */;
			proxyType = 1;
			remoteGlobalIDString = 037372A02BED1A1E00A00B13;
			remoteInfo = Pokemon;
		};
/* End PBXContainerItemProxy section */

/* Begin PBXFileReference section */
		033859A02BED4D0800A15F73 /* PokemonConstants.swift */ = {isa = PBXFileReference; lastKnownFileType = sourcecode.swift; path = PokemonConstants.swift; sourceTree = "<group>"; };
		033859A32BED4DD700A15F73 /* PokemonCellView.swift */ = {isa = PBXFileReference; lastKnownFileType = sourcecode.swift; path = PokemonCellView.swift; sourceTree = "<group>"; };
		033859A82BED775700A15F73 /* PokemonManager.swift */ = {isa = PBXFileReference; lastKnownFileType = sourcecode.swift; path = PokemonManager.swift; sourceTree = "<group>"; };
		033859AB2BED81D500A15F73 /* PokemonDataModel.swift */ = {isa = PBXFileReference; lastKnownFileType = sourcecode.swift; path = PokemonDataModel.swift; sourceTree = "<group>"; };
		033859AD2BEE18E600A15F73 /* AsyncImageView.swift */ = {isa = PBXFileReference; lastKnownFileType = sourcecode.swift; path = AsyncImageView.swift; sourceTree = "<group>"; };
		0347A15F2BEE64A600B66A7A /* AppLoader.swift */ = {isa = PBXFileReference; lastKnownFileType = sourcecode.swift; path = AppLoader.swift; sourceTree = "<group>"; };
		0347A1612BEE652800B66A7A /* AppModule.swift */ = {isa = PBXFileReference; lastKnownFileType = sourcecode.swift; path = AppModule.swift; sourceTree = "<group>"; };
		0347A1632BEE65CD00B66A7A /* PokemonListModule.swift */ = {isa = PBXFileReference; lastKnownFileType = sourcecode.swift; path = PokemonListModule.swift; sourceTree = "<group>"; };
		0347A1662BEE76C500B66A7A /* PokemonModule.swift */ = {isa = PBXFileReference; lastKnownFileType = sourcecode.swift; path = PokemonModule.swift; sourceTree = "<group>"; };
		0347A1682BEE772E00B66A7A /* PokemonDetailRouter.swift */ = {isa = PBXFileReference; lastKnownFileType = sourcecode.swift; path = PokemonDetailRouter.swift; sourceTree = "<group>"; };
		0347A16A2BEE778B00B66A7A /* PokemonDetailInteractor.swift */ = {isa = PBXFileReference; lastKnownFileType = sourcecode.swift; path = PokemonDetailInteractor.swift; sourceTree = "<group>"; };
		0347A16C2BEE77E900B66A7A /* PokemonDetailPresenter.swift */ = {isa = PBXFileReference; lastKnownFileType = sourcecode.swift; path = PokemonDetailPresenter.swift; sourceTree = "<group>"; };
		0347A16E2BEE786900B66A7A /* PokemonDetailViewController.swift */ = {isa = PBXFileReference; lastKnownFileType = sourcecode.swift; path = PokemonDetailViewController.swift; sourceTree = "<group>"; };
		0347A1712BEF5BCE00B66A7A /* PokemonViewModelFactory.swift */ = {isa = PBXFileReference; lastKnownFileType = sourcecode.swift; path = PokemonViewModelFactory.swift; sourceTree = "<group>"; };
		035B23462BF0AF180038233C /* PokemonService.swift */ = {isa = PBXFileReference; lastKnownFileType = sourcecode.swift; path = PokemonService.swift; sourceTree = "<group>"; };
		035B23492BF0AF7A0038233C /* PokemonRequestTypes.swift */ = {isa = PBXFileReference; lastKnownFileType = sourcecode.swift; path = PokemonRequestTypes.swift; sourceTree = "<group>"; };
		035B234B2BF172E40038233C /* StatStackView.swift */ = {isa = PBXFileReference; lastKnownFileType = sourcecode.swift; path = StatStackView.swift; sourceTree = "<group>"; };
		035B234D2BF184F10038233C /* UILabel+Extension.swift */ = {isa = PBXFileReference; lastKnownFileType = sourcecode.swift; path = "UILabel+Extension.swift"; sourceTree = "<group>"; };
		0361932B2BF4B6A300890D4D /* MockPokemonManager.swift */ = {isa = PBXFileReference; lastKnownFileType = sourcecode.swift; path = MockPokemonManager.swift; sourceTree = "<group>"; };
		0361932D2BF4B92800890D4D /* MockAsyncImageManager.swift */ = {isa = PBXFileReference; lastKnownFileType = sourcecode.swift; path = MockAsyncImageManager.swift; sourceTree = "<group>"; };
		0361932F2BF4BA6700890D4D /* MockPokemonListPresenter.swift */ = {isa = PBXFileReference; lastKnownFileType = sourcecode.swift; path = MockPokemonListPresenter.swift; sourceTree = "<group>"; };
		036193312BF4BBCF00890D4D /* MockPokemonListRouter.swift */ = {isa = PBXFileReference; lastKnownFileType = sourcecode.swift; path = MockPokemonListRouter.swift; sourceTree = "<group>"; };
		036193342BF4BFD700890D4D /* PokemonDetailInteractorTests.swift */ = {isa = PBXFileReference; lastKnownFileType = sourcecode.swift; path = PokemonDetailInteractorTests.swift; sourceTree = "<group>"; };
		036193362BF4C05D00890D4D /* MockPokemonViewModel.swift */ = {isa = PBXFileReference; lastKnownFileType = sourcecode.swift; path = MockPokemonViewModel.swift; sourceTree = "<group>"; };
		0361933E2BF4C47600890D4D /* MockPokemonDetailPresenter.swift */ = {isa = PBXFileReference; lastKnownFileType = sourcecode.swift; path = MockPokemonDetailPresenter.swift; sourceTree = "<group>"; };
		036193402BF4C53900890D4D /* MockPokemonDetailRouter.swift */ = {isa = PBXFileReference; lastKnownFileType = sourcecode.swift; path = MockPokemonDetailRouter.swift; sourceTree = "<group>"; };
		037372A12BED1A1E00A00B13 /* Pokemon.app */ = {isa = PBXFileReference; explicitFileType = wrapper.application; includeInIndex = 0; path = Pokemon.app; sourceTree = BUILT_PRODUCTS_DIR; };
		037372A42BED1A1E00A00B13 /* AppDelegate.swift */ = {isa = PBXFileReference; lastKnownFileType = sourcecode.swift; path = AppDelegate.swift; sourceTree = "<group>"; };
		037372A62BED1A1E00A00B13 /* SceneDelegate.swift */ = {isa = PBXFileReference; lastKnownFileType = sourcecode.swift; path = SceneDelegate.swift; sourceTree = "<group>"; };
		037372AD2BED1A1F00A00B13 /* Assets.xcassets */ = {isa = PBXFileReference; lastKnownFileType = folder.assetcatalog; path = Assets.xcassets; sourceTree = "<group>"; };
		037372B02BED1A1F00A00B13 /* Base */ = {isa = PBXFileReference; lastKnownFileType = file.storyboard; name = Base; path = Base.lproj/LaunchScreen.storyboard; sourceTree = "<group>"; };
		037372B22BED1A1F00A00B13 /* Info.plist */ = {isa = PBXFileReference; lastKnownFileType = text.plist.xml; path = Info.plist; sourceTree = "<group>"; };
		037372B72BED1A1F00A00B13 /* PokemonTests.xctest */ = {isa = PBXFileReference; explicitFileType = wrapper.cfbundle; includeInIndex = 0; path = PokemonTests.xctest; sourceTree = BUILT_PRODUCTS_DIR; };
		037372BB2BED1A1F00A00B13 /* PokemonTests.swift */ = {isa = PBXFileReference; lastKnownFileType = sourcecode.swift; path = PokemonTests.swift; sourceTree = "<group>"; };
		037372C12BED1A1F00A00B13 /* PokemonUITests.xctest */ = {isa = PBXFileReference; explicitFileType = wrapper.cfbundle; includeInIndex = 0; path = PokemonUITests.xctest; sourceTree = BUILT_PRODUCTS_DIR; };
		037372C52BED1A1F00A00B13 /* PokemonUITests.swift */ = {isa = PBXFileReference; lastKnownFileType = sourcecode.swift; path = PokemonUITests.swift; sourceTree = "<group>"; };
		037372C72BED1A1F00A00B13 /* PokemonUITestsLaunchTests.swift */ = {isa = PBXFileReference; lastKnownFileType = sourcecode.swift; path = PokemonUITestsLaunchTests.swift; sourceTree = "<group>"; };
		037372D82BED20BB00A00B13 /* NavigationApperanceBuilder.swift */ = {isa = PBXFileReference; lastKnownFileType = sourcecode.swift; path = NavigationApperanceBuilder.swift; sourceTree = "<group>"; };
		037372DB2BED210800A00B13 /* UIView+Extension.swift */ = {isa = PBXFileReference; fileEncoding = 4; lastKnownFileType = sourcecode.swift; path = "UIView+Extension.swift"; sourceTree = "<group>"; };
		037372DD2BED212100A00B13 /* UIStackView+Extension.swift */ = {isa = PBXFileReference; fileEncoding = 4; lastKnownFileType = sourcecode.swift; path = "UIStackView+Extension.swift"; sourceTree = "<group>"; };
		037372E42BED234A00A00B13 /* PokemonViewModel.swift */ = {isa = PBXFileReference; fileEncoding = 4; lastKnownFileType = sourcecode.swift; path = PokemonViewModel.swift; sourceTree = "<group>"; };
		037372E52BED234A00A00B13 /* PokemonListInteractor.swift */ = {isa = PBXFileReference; fileEncoding = 4; lastKnownFileType = sourcecode.swift; path = PokemonListInteractor.swift; sourceTree = "<group>"; };
		037372E62BED234A00A00B13 /* PokemonListPresenter.swift */ = {isa = PBXFileReference; fileEncoding = 4; lastKnownFileType = sourcecode.swift; path = PokemonListPresenter.swift; sourceTree = "<group>"; };
		037372E72BED234A00A00B13 /* PokemonListRouter.swift */ = {isa = PBXFileReference; fileEncoding = 4; lastKnownFileType = sourcecode.swift; path = PokemonListRouter.swift; sourceTree = "<group>"; };
		037372E82BED234A00A00B13 /* PokemonListViewController.swift */ = {isa = PBXFileReference; fileEncoding = 4; lastKnownFileType = sourcecode.swift; path = PokemonListViewController.swift; sourceTree = "<group>"; };
		037372F22BED25C600A00B13 /* ViewController.swift */ = {isa = PBXFileReference; fileEncoding = 4; lastKnownFileType = sourcecode.swift; path = ViewController.swift; sourceTree = "<group>"; };
		037372F42BED40F100A00B13 /* UIFont+Extension.swift */ = {isa = PBXFileReference; lastKnownFileType = sourcecode.swift; path = "UIFont+Extension.swift"; sourceTree = "<group>"; };
		0377C2852BF257A7007C6EB8 /* PokemonFavoriteDataModel.swift */ = {isa = PBXFileReference; lastKnownFileType = sourcecode.swift; path = PokemonFavoriteDataModel.swift; sourceTree = "<group>"; };
		0377C2872BF258D0007C6EB8 /* FavoritePokemonsDataManager.swift */ = {isa = PBXFileReference; lastKnownFileType = sourcecode.swift; path = FavoritePokemonsDataManager.swift; sourceTree = "<group>"; };
		0377C2892BF2BF96007C6EB8 /* AsyncImageManager.swift */ = {isa = PBXFileReference; lastKnownFileType = sourcecode.swift; path = AsyncImageManager.swift; sourceTree = "<group>"; };
		0377C28B2BF2C270007C6EB8 /* PokemonLoader.swift */ = {isa = PBXFileReference; lastKnownFileType = sourcecode.swift; path = PokemonLoader.swift; sourceTree = "<group>"; };
		037AC5972BF3E15000BEC32A /* PokemonImageModel.swift */ = {isa = PBXFileReference; lastKnownFileType = sourcecode.swift; path = PokemonImageModel.swift; sourceTree = "<group>"; };
		037AC5992BF3EC7700BEC32A /* PokemonStatSliderView.swift */ = {isa = PBXFileReference; lastKnownFileType = sourcecode.swift; path = PokemonStatSliderView.swift; sourceTree = "<group>"; };
		037AC59B2BF4146500BEC32A /* PokemonManagerTests.swift */ = {isa = PBXFileReference; lastKnownFileType = sourcecode.swift; path = PokemonManagerTests.swift; sourceTree = "<group>"; };
		037AC59F2BF414E700BEC32A /* MockPokemonService.swift */ = {isa = PBXFileReference; lastKnownFileType = sourcecode.swift; path = MockPokemonService.swift; sourceTree = "<group>"; };
		037AC5A12BF415A800BEC32A /* MockFavoritePokemonsDataManager.swift */ = {isa = PBXFileReference; lastKnownFileType = sourcecode.swift; path = MockFavoritePokemonsDataManager.swift; sourceTree = "<group>"; };
		037AC5A32BF4188A00BEC32A /* MockFavoritePokemonDataModel.swift */ = {isa = PBXFileReference; lastKnownFileType = sourcecode.swift; path = MockFavoritePokemonDataModel.swift; sourceTree = "<group>"; };
		037AC5A72BF42C0200BEC32A /* PokemonListInteractorTests.swift */ = {isa = PBXFileReference; lastKnownFileType = sourcecode.swift; path = PokemonListInteractorTests.swift; sourceTree = "<group>"; };
		1D1FE46CC182875C0D0A3615 /* Pods-Pokemon-PokemonUITests.debug.xcconfig */ = {isa = PBXFileReference; includeInIndex = 1; lastKnownFileType = text.xcconfig; name = "Pods-Pokemon-PokemonUITests.debug.xcconfig"; path = "Target Support Files/Pods-Pokemon-PokemonUITests/Pods-Pokemon-PokemonUITests.debug.xcconfig"; sourceTree = "<group>"; };
		2A2D8CA4804650EDFE7E1127 /* Pods-PokemonTests.debug.xcconfig */ = {isa = PBXFileReference; includeInIndex = 1; lastKnownFileType = text.xcconfig; name = "Pods-PokemonTests.debug.xcconfig"; path = "Target Support Files/Pods-PokemonTests/Pods-PokemonTests.debug.xcconfig"; sourceTree = "<group>"; };
		42861BC732A29EF5CA945068 /* Pods-PokemonTests.release.xcconfig */ = {isa = PBXFileReference; includeInIndex = 1; lastKnownFileType = text.xcconfig; name = "Pods-PokemonTests.release.xcconfig"; path = "Target Support Files/Pods-PokemonTests/Pods-PokemonTests.release.xcconfig"; sourceTree = "<group>"; };
		5546D56E55A594F9DEE6A3A2 /* Pods_PokemonTests.framework */ = {isa = PBXFileReference; explicitFileType = wrapper.framework; includeInIndex = 0; path = Pods_PokemonTests.framework; sourceTree = BUILT_PRODUCTS_DIR; };
		5BF09BA506B87938191FDF1A /* Pods_Pokemon.framework */ = {isa = PBXFileReference; explicitFileType = wrapper.framework; includeInIndex = 0; path = Pods_Pokemon.framework; sourceTree = BUILT_PRODUCTS_DIR; };
		8239196D63FFCF59DD46EEF9 /* Pods_Pokemon_PokemonUITests.framework */ = {isa = PBXFileReference; explicitFileType = wrapper.framework; includeInIndex = 0; path = Pods_Pokemon_PokemonUITests.framework; sourceTree = BUILT_PRODUCTS_DIR; };
		A3F95AA1E40B58AF640DD887 /* Pods-Pokemon-PokemonUITests.release.xcconfig */ = {isa = PBXFileReference; includeInIndex = 1; lastKnownFileType = text.xcconfig; name = "Pods-Pokemon-PokemonUITests.release.xcconfig"; path = "Target Support Files/Pods-Pokemon-PokemonUITests/Pods-Pokemon-PokemonUITests.release.xcconfig"; sourceTree = "<group>"; };
		C2BD4712902400F166B665E5 /* Pods-Pokemon.debug.xcconfig */ = {isa = PBXFileReference; includeInIndex = 1; lastKnownFileType = text.xcconfig; name = "Pods-Pokemon.debug.xcconfig"; path = "Target Support Files/Pods-Pokemon/Pods-Pokemon.debug.xcconfig"; sourceTree = "<group>"; };
		FAE1BCF324C08CE9CEE4183A /* Pods-Pokemon.release.xcconfig */ = {isa = PBXFileReference; includeInIndex = 1; lastKnownFileType = text.xcconfig; name = "Pods-Pokemon.release.xcconfig"; path = "Target Support Files/Pods-Pokemon/Pods-Pokemon.release.xcconfig"; sourceTree = "<group>"; };
/* End PBXFileReference section */

/* Begin PBXFrameworksBuildPhase section */
		0373729E2BED1A1E00A00B13 /* Frameworks */ = {
			isa = PBXFrameworksBuildPhase;
			buildActionMask = 2147483647;
			files = (
				8C9217AD4859CC465E3B6321 /* Pods_Pokemon.framework in Frameworks */,
			);
			runOnlyForDeploymentPostprocessing = 0;
		};
		037372B42BED1A1F00A00B13 /* Frameworks */ = {
			isa = PBXFrameworksBuildPhase;
			buildActionMask = 2147483647;
			files = (
				8E492B3553CAC2CAE4EA02CD /* Pods_PokemonTests.framework in Frameworks */,
			);
			runOnlyForDeploymentPostprocessing = 0;
		};
		037372BE2BED1A1F00A00B13 /* Frameworks */ = {
			isa = PBXFrameworksBuildPhase;
			buildActionMask = 2147483647;
			files = (
				36FC147C131DE6E8EC886EE6 /* Pods_Pokemon_PokemonUITests.framework in Frameworks */,
			);
			runOnlyForDeploymentPostprocessing = 0;
		};
/* End PBXFrameworksBuildPhase section */

/* Begin PBXGroup section */
		0338599F2BED4CF700A15F73 /* Constants */ = {
			isa = PBXGroup;
			children = (
				033859A02BED4D0800A15F73 /* PokemonConstants.swift */,
			);
			path = Constants;
			sourceTree = "<group>";
		};
		033859A22BED4DB200A15F73 /* PokemonCell */ = {
			isa = PBXGroup;
			children = (
				033859A32BED4DD700A15F73 /* PokemonCellView.swift */,
			);
			path = PokemonCell;
			sourceTree = "<group>";
		};
		033859A72BED773D00A15F73 /* Managers */ = {
			isa = PBXGroup;
			children = (
				033859A82BED775700A15F73 /* PokemonManager.swift */,
				0377C2872BF258D0007C6EB8 /* FavoritePokemonsDataManager.swift */,
				0377C2892BF2BF96007C6EB8 /* AsyncImageManager.swift */,
			);
			path = Managers;
			sourceTree = "<group>";
		};
		033859AA2BED81C500A15F73 /* Data Models */ = {
			isa = PBXGroup;
			children = (
				033859AB2BED81D500A15F73 /* PokemonDataModel.swift */,
				037AC5972BF3E15000BEC32A /* PokemonImageModel.swift */,
				0377C2852BF257A7007C6EB8 /* PokemonFavoriteDataModel.swift */,
			);
			path = "Data Models";
			sourceTree = "<group>";
		};
		0347A1652BEE769400B66A7A /* PokemonDetail */ = {
			isa = PBXGroup;
			children = (
				0347A16E2BEE786900B66A7A /* PokemonDetailViewController.swift */,
				0347A16C2BEE77E900B66A7A /* PokemonDetailPresenter.swift */,
				0347A16A2BEE778B00B66A7A /* PokemonDetailInteractor.swift */,
				0347A1682BEE772E00B66A7A /* PokemonDetailRouter.swift */,
				0347A1662BEE76C500B66A7A /* PokemonModule.swift */,
			);
			path = PokemonDetail;
			sourceTree = "<group>";
		};
		0347A1702BEF5B4700B66A7A /* ViewModels */ = {
			isa = PBXGroup;
			children = (
				037372E42BED234A00A00B13 /* PokemonViewModel.swift */,
				0347A1712BEF5BCE00B66A7A /* PokemonViewModelFactory.swift */,
			);
			path = ViewModels;
			sourceTree = "<group>";
		};
		035B23452BF0AF090038233C /* Services */ = {
			isa = PBXGroup;
			children = (
				035B23462BF0AF180038233C /* PokemonService.swift */,
			);
			path = Services;
			sourceTree = "<group>";
		};
		035B23482BF0AF560038233C /* Enumerations */ = {
			isa = PBXGroup;
			children = (
				035B23492BF0AF7A0038233C /* PokemonRequestTypes.swift */,
			);
			path = Enumerations;
			sourceTree = "<group>";
		};
		036193332BF4BFC000890D4D /* PokemonDetail */ = {
			isa = PBXGroup;
			children = (
				036193342BF4BFD700890D4D /* PokemonDetailInteractorTests.swift */,
			);
			path = PokemonDetail;
			sourceTree = "<group>";
		};
		036193382BF4C40E00890D4D /* PokemonList */ = {
			isa = PBXGroup;
			children = (
				0361932F2BF4BA6700890D4D /* MockPokemonListPresenter.swift */,
				036193312BF4BBCF00890D4D /* MockPokemonListRouter.swift */,
			);
			path = PokemonList;
			sourceTree = "<group>";
		};
		036193392BF4C41E00890D4D /* ViewModels */ = {
			isa = PBXGroup;
			children = (
				036193362BF4C05D00890D4D /* MockPokemonViewModel.swift */,
			);
			path = ViewModels;
			sourceTree = "<group>";
		};
		0361933A2BF4C42800890D4D /* Managers */ = {
			isa = PBXGroup;
			children = (
				037AC5A12BF415A800BEC32A /* MockFavoritePokemonsDataManager.swift */,
				037AC5A32BF4188A00BEC32A /* MockFavoritePokemonDataModel.swift */,
				0361932B2BF4B6A300890D4D /* MockPokemonManager.swift */,
				0361932D2BF4B92800890D4D /* MockAsyncImageManager.swift */,
			);
			path = Managers;
			sourceTree = "<group>";
		};
		0361933B2BF4C43A00890D4D /* Services */ = {
			isa = PBXGroup;
			children = (
				037AC59F2BF414E700BEC32A /* MockPokemonService.swift */,
			);
			path = Services;
			sourceTree = "<group>";
		};
		0361933C2BF4C44F00890D4D /* Modules */ = {
			isa = PBXGroup;
			children = (
				0361933D2BF4C45F00890D4D /* PokemonDetail */,
				036193382BF4C40E00890D4D /* PokemonList */,
			);
			path = Modules;
			sourceTree = "<group>";
		};
		0361933D2BF4C45F00890D4D /* PokemonDetail */ = {
			isa = PBXGroup;
			children = (
				0361933E2BF4C47600890D4D /* MockPokemonDetailPresenter.swift */,
				036193402BF4C53900890D4D /* MockPokemonDetailRouter.swift */,
			);
			path = PokemonDetail;
			sourceTree = "<group>";
		};
		037372982BED1A1E00A00B13 = {
			isa = PBXGroup;
			children = (
				037372A32BED1A1E00A00B13 /* Pokemon */,
				037372BA2BED1A1F00A00B13 /* PokemonTests */,
				037372C42BED1A1F00A00B13 /* PokemonUITests */,
				037372A22BED1A1E00A00B13 /* Products */,
				845247C433E2749C1E66AD7C /* Pods */,
				AF216B3FC26AE00913BBB01C /* Frameworks */,
			);
			sourceTree = "<group>";
		};
		037372A22BED1A1E00A00B13 /* Products */ = {
			isa = PBXGroup;
			children = (
				037372A12BED1A1E00A00B13 /* Pokemon.app */,
				037372B72BED1A1F00A00B13 /* PokemonTests.xctest */,
				037372C12BED1A1F00A00B13 /* PokemonUITests.xctest */,
			);
			name = Products;
			sourceTree = "<group>";
		};
		037372A32BED1A1E00A00B13 /* Pokemon */ = {
			isa = PBXGroup;
			children = (
				037372D42BED1EAE00A00B13 /* App */,
				037372D62BED1ED200A00B13 /* Modules */,
				037372F12BED25B600A00B13 /* Views */,
				0347A1702BEF5B4700B66A7A /* ViewModels */,
				033859A72BED773D00A15F73 /* Managers */,
				035B23452BF0AF090038233C /* Services */,
				033859AA2BED81C500A15F73 /* Data Models */,
				0338599F2BED4CF700A15F73 /* Constants */,
				037372DA2BED20EB00A00B13 /* Extensions */,
				035B23482BF0AF560038233C /* Enumerations */,
				037372D52BED1EBE00A00B13 /* Resources */,
				037372B22BED1A1F00A00B13 /* Info.plist */,
			);
			path = Pokemon;
			sourceTree = "<group>";
		};
		037372BA2BED1A1F00A00B13 /* PokemonTests */ = {
			isa = PBXGroup;
			children = (
				037AC5A52BF42BE700BEC32A /* Modules */,
				037AC59E2BF414D600BEC32A /* Mocks */,
				037AC59D2BF414CB00BEC32A /* Managers */,
				037372BB2BED1A1F00A00B13 /* PokemonTests.swift */,
			);
			path = PokemonTests;
			sourceTree = "<group>";
		};
		037372C42BED1A1F00A00B13 /* PokemonUITests */ = {
			isa = PBXGroup;
			children = (
				037372C52BED1A1F00A00B13 /* PokemonUITests.swift */,
				037372C72BED1A1F00A00B13 /* PokemonUITestsLaunchTests.swift */,
			);
			path = PokemonUITests;
			sourceTree = "<group>";
		};
		037372D42BED1EAE00A00B13 /* App */ = {
			isa = PBXGroup;
			children = (
				037372D72BED20A200A00B13 /* Navigation */,
				037372AF2BED1A1F00A00B13 /* LaunchScreen.storyboard */,
				037372A42BED1A1E00A00B13 /* AppDelegate.swift */,
				037372A62BED1A1E00A00B13 /* SceneDelegate.swift */,
				0347A15F2BEE64A600B66A7A /* AppLoader.swift */,
				0347A1612BEE652800B66A7A /* AppModule.swift */,
			);
			path = App;
			sourceTree = "<group>";
		};
		037372D52BED1EBE00A00B13 /* Resources */ = {
			isa = PBXGroup;
			children = (
				037372AD2BED1A1F00A00B13 /* Assets.xcassets */,
			);
			path = Resources;
			sourceTree = "<group>";
		};
		037372D62BED1ED200A00B13 /* Modules */ = {
			isa = PBXGroup;
			children = (
				037372E92BED234A00A00B13 /* PokemonList */,
				0347A1652BEE769400B66A7A /* PokemonDetail */,
			);
			path = Modules;
			sourceTree = "<group>";
		};
		037372D72BED20A200A00B13 /* Navigation */ = {
			isa = PBXGroup;
			children = (
				037372D82BED20BB00A00B13 /* NavigationApperanceBuilder.swift */,
			);
			path = Navigation;
			sourceTree = "<group>";
		};
		037372DA2BED20EB00A00B13 /* Extensions */ = {
			isa = PBXGroup;
			children = (
				037372DD2BED212100A00B13 /* UIStackView+Extension.swift */,
				037372DB2BED210800A00B13 /* UIView+Extension.swift */,
				037372F42BED40F100A00B13 /* UIFont+Extension.swift */,
				035B234D2BF184F10038233C /* UILabel+Extension.swift */,
			);
			path = Extensions;
			sourceTree = "<group>";
		};
		037372E92BED234A00A00B13 /* PokemonList */ = {
			isa = PBXGroup;
			children = (
				033859A22BED4DB200A15F73 /* PokemonCell */,
				037372E82BED234A00A00B13 /* PokemonListViewController.swift */,
				037372E62BED234A00A00B13 /* PokemonListPresenter.swift */,
				037372E52BED234A00A00B13 /* PokemonListInteractor.swift */,
				037372E72BED234A00A00B13 /* PokemonListRouter.swift */,
				0347A1632BEE65CD00B66A7A /* PokemonListModule.swift */,
			);
			path = PokemonList;
			sourceTree = "<group>";
		};
		037372F12BED25B600A00B13 /* Views */ = {
			isa = PBXGroup;
			children = (
				037372F22BED25C600A00B13 /* ViewController.swift */,
				033859AD2BEE18E600A15F73 /* AsyncImageView.swift */,
				035B234B2BF172E40038233C /* StatStackView.swift */,
				0377C28B2BF2C270007C6EB8 /* PokemonLoader.swift */,
				037AC5992BF3EC7700BEC32A /* PokemonStatSliderView.swift */,
			);
			path = Views;
			sourceTree = "<group>";
		};
		037AC59D2BF414CB00BEC32A /* Managers */ = {
			isa = PBXGroup;
			children = (
				037AC59B2BF4146500BEC32A /* PokemonManagerTests.swift */,
			);
			path = Managers;
			sourceTree = "<group>";
		};
		037AC59E2BF414D600BEC32A /* Mocks */ = {
			isa = PBXGroup;
			children = (
				0361933C2BF4C44F00890D4D /* Modules */,
				036193392BF4C41E00890D4D /* ViewModels */,
				0361933A2BF4C42800890D4D /* Managers */,
				0361933B2BF4C43A00890D4D /* Services */,
			);
			path = Mocks;
			sourceTree = "<group>";
		};
		037AC5A52BF42BE700BEC32A /* Modules */ = {
			isa = PBXGroup;
			children = (
				036193332BF4BFC000890D4D /* PokemonDetail */,
				037AC5A62BF42BF000BEC32A /* PokemonList */,
			);
			path = Modules;
			sourceTree = "<group>";
		};
		037AC5A62BF42BF000BEC32A /* PokemonList */ = {
			isa = PBXGroup;
			children = (
				037AC5A72BF42C0200BEC32A /* PokemonListInteractorTests.swift */,
			);
			path = PokemonList;
			sourceTree = "<group>";
		};
		845247C433E2749C1E66AD7C /* Pods */ = {
			isa = PBXGroup;
			children = (
				C2BD4712902400F166B665E5 /* Pods-Pokemon.debug.xcconfig */,
				FAE1BCF324C08CE9CEE4183A /* Pods-Pokemon.release.xcconfig */,
				1D1FE46CC182875C0D0A3615 /* Pods-Pokemon-PokemonUITests.debug.xcconfig */,
				A3F95AA1E40B58AF640DD887 /* Pods-Pokemon-PokemonUITests.release.xcconfig */,
				2A2D8CA4804650EDFE7E1127 /* Pods-PokemonTests.debug.xcconfig */,
				42861BC732A29EF5CA945068 /* Pods-PokemonTests.release.xcconfig */,
			);
			path = Pods;
			sourceTree = "<group>";
		};
		AF216B3FC26AE00913BBB01C /* Frameworks */ = {
			isa = PBXGroup;
			children = (
				5BF09BA506B87938191FDF1A /* Pods_Pokemon.framework */,
				8239196D63FFCF59DD46EEF9 /* Pods_Pokemon_PokemonUITests.framework */,
				5546D56E55A594F9DEE6A3A2 /* Pods_PokemonTests.framework */,
			);
			name = Frameworks;
			sourceTree = "<group>";
		};
/* End PBXGroup section */

/* Begin PBXNativeTarget section */
		037372A02BED1A1E00A00B13 /* Pokemon */ = {
			isa = PBXNativeTarget;
			buildConfigurationList = 037372CB2BED1A1F00A00B13 /* Build configuration list for PBXNativeTarget "Pokemon" */;
			buildPhases = (
				E6AD25A3E22A3B097B11ED69 /* [CP] Check Pods Manifest.lock */,
				0373729D2BED1A1E00A00B13 /* Sources */,
				0373729E2BED1A1E00A00B13 /* Frameworks */,
				0373729F2BED1A1E00A00B13 /* Resources */,
				482E9224B32255C39B3601DB /* [CP] Embed Pods Frameworks */,
			);
			buildRules = (
			);
			dependencies = (
			);
			name = Pokemon;
			productName = Pokemon;
			productReference = 037372A12BED1A1E00A00B13 /* Pokemon.app */;
			productType = "com.apple.product-type.application";
		};
		037372B62BED1A1F00A00B13 /* PokemonTests */ = {
			isa = PBXNativeTarget;
			buildConfigurationList = 037372CE2BED1A1F00A00B13 /* Build configuration list for PBXNativeTarget "PokemonTests" */;
			buildPhases = (
				5B34D22D96CA7E47F0A9B6BD /* [CP] Check Pods Manifest.lock */,
				037372B32BED1A1F00A00B13 /* Sources */,
				037372B42BED1A1F00A00B13 /* Frameworks */,
				037372B52BED1A1F00A00B13 /* Resources */,
			);
			buildRules = (
			);
			dependencies = (
				037372B92BED1A1F00A00B13 /* PBXTargetDependency */,
			);
			name = PokemonTests;
			productName = PokemonTests;
			productReference = 037372B72BED1A1F00A00B13 /* PokemonTests.xctest */;
			productType = "com.apple.product-type.bundle.unit-test";
		};
		037372C02BED1A1F00A00B13 /* PokemonUITests */ = {
			isa = PBXNativeTarget;
			buildConfigurationList = 037372D12BED1A1F00A00B13 /* Build configuration list for PBXNativeTarget "PokemonUITests" */;
			buildPhases = (
				66E8E186654EDED5E13ADA0B /* [CP] Check Pods Manifest.lock */,
				037372BD2BED1A1F00A00B13 /* Sources */,
				037372BE2BED1A1F00A00B13 /* Frameworks */,
				037372BF2BED1A1F00A00B13 /* Resources */,
				BF1167509694348921FD0EBB /* [CP] Embed Pods Frameworks */,
			);
			buildRules = (
			);
			dependencies = (
				037372C32BED1A1F00A00B13 /* PBXTargetDependency */,
			);
			name = PokemonUITests;
			productName = PokemonUITests;
			productReference = 037372C12BED1A1F00A00B13 /* PokemonUITests.xctest */;
			productType = "com.apple.product-type.bundle.ui-testing";
		};
/* End PBXNativeTarget section */

/* Begin PBXProject section */
		037372992BED1A1E00A00B13 /* Project object */ = {
			isa = PBXProject;
			attributes = {
				BuildIndependentTargetsInParallel = 1;
				LastSwiftUpdateCheck = 1530;
				LastUpgradeCheck = 1530;
				TargetAttributes = {
					037372A02BED1A1E00A00B13 = {
						CreatedOnToolsVersion = 15.3;
					};
					037372B62BED1A1F00A00B13 = {
						CreatedOnToolsVersion = 15.3;
						TestTargetID = 037372A02BED1A1E00A00B13;
					};
					037372C02BED1A1F00A00B13 = {
						CreatedOnToolsVersion = 15.3;
						TestTargetID = 037372A02BED1A1E00A00B13;
					};
				};
			};
			buildConfigurationList = 0373729C2BED1A1E00A00B13 /* Build configuration list for PBXProject "Pokemon" */;
			compatibilityVersion = "Xcode 14.0";
			developmentRegion = en;
			hasScannedForEncodings = 0;
			knownRegions = (
				en,
				Base,
			);
			mainGroup = 037372982BED1A1E00A00B13;
			productRefGroup = 037372A22BED1A1E00A00B13 /* Products */;
			projectDirPath = "";
			projectRoot = "";
			targets = (
				037372A02BED1A1E00A00B13 /* Pokemon */,
				037372B62BED1A1F00A00B13 /* PokemonTests */,
				037372C02BED1A1F00A00B13 /* PokemonUITests */,
			);
		};
/* End PBXProject section */

/* Begin PBXResourcesBuildPhase section */
		0373729F2BED1A1E00A00B13 /* Resources */ = {
			isa = PBXResourcesBuildPhase;
			buildActionMask = 2147483647;
			files = (
				037372AE2BED1A1F00A00B13 /* Assets.xcassets in Resources */,
				037372B12BED1A1F00A00B13 /* Base in Resources */,
			);
			runOnlyForDeploymentPostprocessing = 0;
		};
		037372B52BED1A1F00A00B13 /* Resources */ = {
			isa = PBXResourcesBuildPhase;
			buildActionMask = 2147483647;
			files = (
			);
			runOnlyForDeploymentPostprocessing = 0;
		};
		037372BF2BED1A1F00A00B13 /* Resources */ = {
			isa = PBXResourcesBuildPhase;
			buildActionMask = 2147483647;
			files = (
			);
			runOnlyForDeploymentPostprocessing = 0;
		};
/* End PBXResourcesBuildPhase section */

/* Begin PBXShellScriptBuildPhase section */
		482E9224B32255C39B3601DB /* [CP] Embed Pods Frameworks */ = {
			isa = PBXShellScriptBuildPhase;
			alwaysOutOfDate = 1;
			buildActionMask = 2147483647;
			files = (
			);
			inputFileListPaths = (
				"${PODS_ROOT}/Target Support Files/Pods-Pokemon/Pods-Pokemon-frameworks-${CONFIGURATION}-input-files.xcfilelist",
			);
			name = "[CP] Embed Pods Frameworks";
			outputFileListPaths = (
				"${PODS_ROOT}/Target Support Files/Pods-Pokemon/Pods-Pokemon-frameworks-${CONFIGURATION}-output-files.xcfilelist",
			);
			runOnlyForDeploymentPostprocessing = 0;
			shellPath = /bin/sh;
			shellScript = "\"${PODS_ROOT}/Target Support Files/Pods-Pokemon/Pods-Pokemon-frameworks.sh\"\n";
			showEnvVarsInLog = 0;
		};
		5B34D22D96CA7E47F0A9B6BD /* [CP] Check Pods Manifest.lock */ = {
			isa = PBXShellScriptBuildPhase;
			buildActionMask = 2147483647;
			files = (
			);
			inputFileListPaths = (
			);
			inputPaths = (
				"${PODS_PODFILE_DIR_PATH}/Podfile.lock",
				"${PODS_ROOT}/Manifest.lock",
			);
			name = "[CP] Check Pods Manifest.lock";
			outputFileListPaths = (
			);
			outputPaths = (
				"$(DERIVED_FILE_DIR)/Pods-PokemonTests-checkManifestLockResult.txt",
			);
			runOnlyForDeploymentPostprocessing = 0;
			shellPath = /bin/sh;
			shellScript = "diff \"${PODS_PODFILE_DIR_PATH}/Podfile.lock\" \"${PODS_ROOT}/Manifest.lock\" > /dev/null\nif [ $? != 0 ] ; then\n    # print error to STDERR\n    echo \"error: The sandbox is not in sync with the Podfile.lock. Run 'pod install' or update your CocoaPods installation.\" >&2\n    exit 1\nfi\n# This output is used by Xcode 'outputs' to avoid re-running this script phase.\necho \"SUCCESS\" > \"${SCRIPT_OUTPUT_FILE_0}\"\n";
			showEnvVarsInLog = 0;
		};
		66E8E186654EDED5E13ADA0B /* [CP] Check Pods Manifest.lock */ = {
			isa = PBXShellScriptBuildPhase;
			buildActionMask = 2147483647;
			files = (
			);
			inputFileListPaths = (
			);
			inputPaths = (
				"${PODS_PODFILE_DIR_PATH}/Podfile.lock",
				"${PODS_ROOT}/Manifest.lock",
			);
			name = "[CP] Check Pods Manifest.lock";
			outputFileListPaths = (
			);
			outputPaths = (
				"$(DERIVED_FILE_DIR)/Pods-Pokemon-PokemonUITests-checkManifestLockResult.txt",
			);
			runOnlyForDeploymentPostprocessing = 0;
			shellPath = /bin/sh;
			shellScript = "diff \"${PODS_PODFILE_DIR_PATH}/Podfile.lock\" \"${PODS_ROOT}/Manifest.lock\" > /dev/null\nif [ $? != 0 ] ; then\n    # print error to STDERR\n    echo \"error: The sandbox is not in sync with the Podfile.lock. Run 'pod install' or update your CocoaPods installation.\" >&2\n    exit 1\nfi\n# This output is used by Xcode 'outputs' to avoid re-running this script phase.\necho \"SUCCESS\" > \"${SCRIPT_OUTPUT_FILE_0}\"\n";
			showEnvVarsInLog = 0;
		};
		BF1167509694348921FD0EBB /* [CP] Embed Pods Frameworks */ = {
			isa = PBXShellScriptBuildPhase;
			buildActionMask = 2147483647;
			files = (
			);
			inputFileListPaths = (
				"${PODS_ROOT}/Target Support Files/Pods-Pokemon-PokemonUITests/Pods-Pokemon-PokemonUITests-frameworks-${CONFIGURATION}-input-files.xcfilelist",
			);
			name = "[CP] Embed Pods Frameworks";
			outputFileListPaths = (
				"${PODS_ROOT}/Target Support Files/Pods-Pokemon-PokemonUITests/Pods-Pokemon-PokemonUITests-frameworks-${CONFIGURATION}-output-files.xcfilelist",
			);
			runOnlyForDeploymentPostprocessing = 0;
			shellPath = /bin/sh;
			shellScript = "\"${PODS_ROOT}/Target Support Files/Pods-Pokemon-PokemonUITests/Pods-Pokemon-PokemonUITests-frameworks.sh\"\n";
			showEnvVarsInLog = 0;
		};
		E6AD25A3E22A3B097B11ED69 /* [CP] Check Pods Manifest.lock */ = {
			isa = PBXShellScriptBuildPhase;
			buildActionMask = 2147483647;
			files = (
			);
			inputFileListPaths = (
			);
			inputPaths = (
				"${PODS_PODFILE_DIR_PATH}/Podfile.lock",
				"${PODS_ROOT}/Manifest.lock",
			);
			name = "[CP] Check Pods Manifest.lock";
			outputFileListPaths = (
			);
			outputPaths = (
				"$(DERIVED_FILE_DIR)/Pods-Pokemon-checkManifestLockResult.txt",
			);
			runOnlyForDeploymentPostprocessing = 0;
			shellPath = /bin/sh;
			shellScript = "diff \"${PODS_PODFILE_DIR_PATH}/Podfile.lock\" \"${PODS_ROOT}/Manifest.lock\" > /dev/null\nif [ $? != 0 ] ; then\n    # print error to STDERR\n    echo \"error: The sandbox is not in sync with the Podfile.lock. Run 'pod install' or update your CocoaPods installation.\" >&2\n    exit 1\nfi\n# This output is used by Xcode 'outputs' to avoid re-running this script phase.\necho \"SUCCESS\" > \"${SCRIPT_OUTPUT_FILE_0}\"\n";
			showEnvVarsInLog = 0;
		};
/* End PBXShellScriptBuildPhase section */

/* Begin PBXSourcesBuildPhase section */
		0373729D2BED1A1E00A00B13 /* Sources */ = {
			isa = PBXSourcesBuildPhase;
			buildActionMask = 2147483647;
			files = (
				035B234A2BF0AF7A0038233C /* PokemonRequestTypes.swift in Sources */,
				0347A1692BEE772E00B66A7A /* PokemonDetailRouter.swift in Sources */,
				0377C28A2BF2BF96007C6EB8 /* AsyncImageManager.swift in Sources */,
				033859A42BED4DD700A15F73 /* PokemonCellView.swift in Sources */,
				0347A16F2BEE786900B66A7A /* PokemonDetailViewController.swift in Sources */,
				0377C2862BF257A7007C6EB8 /* PokemonFavoriteDataModel.swift in Sources */,
				037372F32BED25C600A00B13 /* ViewController.swift in Sources */,
				037372ED2BED234A00A00B13 /* PokemonListRouter.swift in Sources */,
				033859AC2BED81D500A15F73 /* PokemonDataModel.swift in Sources */,
				0347A1672BEE76C500B66A7A /* PokemonModule.swift in Sources */,
				037AC5982BF3E15000BEC32A /* PokemonImageModel.swift in Sources */,
				037372D92BED20BB00A00B13 /* NavigationApperanceBuilder.swift in Sources */,
				033859A92BED775700A15F73 /* PokemonManager.swift in Sources */,
				037372F52BED40F100A00B13 /* UIFont+Extension.swift in Sources */,
				037372EB2BED234A00A00B13 /* PokemonListInteractor.swift in Sources */,
				0347A16B2BEE778B00B66A7A /* PokemonDetailInteractor.swift in Sources */,
				037AC59A2BF3EC7700BEC32A /* PokemonStatSliderView.swift in Sources */,
				0347A1722BEF5BCE00B66A7A /* PokemonViewModelFactory.swift in Sources */,
				037372A52BED1A1E00A00B13 /* AppDelegate.swift in Sources */,
				0347A1622BEE652800B66A7A /* AppModule.swift in Sources */,
				033859A12BED4D0800A15F73 /* PokemonConstants.swift in Sources */,
				037372DC2BED210800A00B13 /* UIView+Extension.swift in Sources */,
				0377C2882BF258D0007C6EB8 /* FavoritePokemonsDataManager.swift in Sources */,
				037372A72BED1A1E00A00B13 /* SceneDelegate.swift in Sources */,
				037372EA2BED234A00A00B13 /* PokemonViewModel.swift in Sources */,
				0347A1642BEE65CD00B66A7A /* PokemonListModule.swift in Sources */,
				0377C28C2BF2C270007C6EB8 /* PokemonLoader.swift in Sources */,
				037372DE2BED212100A00B13 /* UIStackView+Extension.swift in Sources */,
				035B234E2BF184F10038233C /* UILabel+Extension.swift in Sources */,
				0347A1602BEE64A600B66A7A /* AppLoader.swift in Sources */,
				037372EE2BED234A00A00B13 /* PokemonListViewController.swift in Sources */,
				035B234C2BF172E40038233C /* StatStackView.swift in Sources */,
				037372EC2BED234A00A00B13 /* PokemonListPresenter.swift in Sources */,
				035B23472BF0AF180038233C /* PokemonService.swift in Sources */,
				0347A16D2BEE77E900B66A7A /* PokemonDetailPresenter.swift in Sources */,
				033859AE2BEE18E600A15F73 /* AsyncImageView.swift in Sources */,
			);
			runOnlyForDeploymentPostprocessing = 0;
		};
		037372B32BED1A1F00A00B13 /* Sources */ = {
			isa = PBXSourcesBuildPhase;
			buildActionMask = 2147483647;
			files = (
				036193372BF4C05D00890D4D /* MockPokemonViewModel.swift in Sources */,
				037AC5A82BF42C0200BEC32A /* PokemonListInteractorTests.swift in Sources */,
				037AC5A42BF4188A00BEC32A /* MockFavoritePokemonDataModel.swift in Sources */,
				036193322BF4BBCF00890D4D /* MockPokemonListRouter.swift in Sources */,
				0361932C2BF4B6A300890D4D /* MockPokemonManager.swift in Sources */,
				036193412BF4C53900890D4D /* MockPokemonDetailRouter.swift in Sources */,
				0361933F2BF4C47600890D4D /* MockPokemonDetailPresenter.swift in Sources */,
				036193302BF4BA6700890D4D /* MockPokemonListPresenter.swift in Sources */,
				036193352BF4BFD700890D4D /* PokemonDetailInteractorTests.swift in Sources */,
				037372BC2BED1A1F00A00B13 /* PokemonTests.swift in Sources */,
				0361932E2BF4B92800890D4D /* MockAsyncImageManager.swift in Sources */,
				037AC5A02BF414E700BEC32A /* MockPokemonService.swift in Sources */,
				037AC59C2BF4146500BEC32A /* PokemonManagerTests.swift in Sources */,
				037AC5A22BF415A800BEC32A /* MockFavoritePokemonsDataManager.swift in Sources */,
			);
			runOnlyForDeploymentPostprocessing = 0;
		};
		037372BD2BED1A1F00A00B13 /* Sources */ = {
			isa = PBXSourcesBuildPhase;
			buildActionMask = 2147483647;
			files = (
				037372C82BED1A1F00A00B13 /* PokemonUITestsLaunchTests.swift in Sources */,
				037372C62BED1A1F00A00B13 /* PokemonUITests.swift in Sources */,
			);
			runOnlyForDeploymentPostprocessing = 0;
		};
/* End PBXSourcesBuildPhase section */

/* Begin PBXTargetDependency section */
		037372B92BED1A1F00A00B13 /* PBXTargetDependency */ = {
			isa = PBXTargetDependency;
			target = 037372A02BED1A1E00A00B13 /* Pokemon */;
			targetProxy = 037372B82BED1A1F00A00B13 /* PBXContainerItemProxy */;
		};
		037372C32BED1A1F00A00B13 /* PBXTargetDependency */ = {
			isa = PBXTargetDependency;
			target = 037372A02BED1A1E00A00B13 /* Pokemon */;
			targetProxy = 037372C22BED1A1F00A00B13 /* PBXContainerItemProxy */;
		};
/* End PBXTargetDependency section */

/* Begin PBXVariantGroup section */
		037372AF2BED1A1F00A00B13 /* LaunchScreen.storyboard */ = {
			isa = PBXVariantGroup;
			children = (
				037372B02BED1A1F00A00B13 /* Base */,
			);
			name = LaunchScreen.storyboard;
			sourceTree = "<group>";
		};
/* End PBXVariantGroup section */

/* Begin XCBuildConfiguration section */
		037372C92BED1A1F00A00B13 /* Debug */ = {
			isa = XCBuildConfiguration;
			buildSettings = {
				ALWAYS_SEARCH_USER_PATHS = NO;
				ASSETCATALOG_COMPILER_GENERATE_SWIFT_ASSET_SYMBOL_EXTENSIONS = YES;
				CLANG_ANALYZER_NONNULL = YES;
				CLANG_ANALYZER_NUMBER_OBJECT_CONVERSION = YES_AGGRESSIVE;
				CLANG_CXX_LANGUAGE_STANDARD = "gnu++20";
				CLANG_ENABLE_MODULES = YES;
				CLANG_ENABLE_OBJC_ARC = YES;
				CLANG_ENABLE_OBJC_WEAK = YES;
				CLANG_WARN_BLOCK_CAPTURE_AUTORELEASING = YES;
				CLANG_WARN_BOOL_CONVERSION = YES;
				CLANG_WARN_COMMA = YES;
				CLANG_WARN_CONSTANT_CONVERSION = YES;
				CLANG_WARN_DEPRECATED_OBJC_IMPLEMENTATIONS = YES;
				CLANG_WARN_DIRECT_OBJC_ISA_USAGE = YES_ERROR;
				CLANG_WARN_DOCUMENTATION_COMMENTS = YES;
				CLANG_WARN_EMPTY_BODY = YES;
				CLANG_WARN_ENUM_CONVERSION = YES;
				CLANG_WARN_INFINITE_RECURSION = YES;
				CLANG_WARN_INT_CONVERSION = YES;
				CLANG_WARN_NON_LITERAL_NULL_CONVERSION = YES;
				CLANG_WARN_OBJC_IMPLICIT_RETAIN_SELF = YES;
				CLANG_WARN_OBJC_LITERAL_CONVERSION = YES;
				CLANG_WARN_OBJC_ROOT_CLASS = YES_ERROR;
				CLANG_WARN_QUOTED_INCLUDE_IN_FRAMEWORK_HEADER = YES;
				CLANG_WARN_RANGE_LOOP_ANALYSIS = YES;
				CLANG_WARN_STRICT_PROTOTYPES = YES;
				CLANG_WARN_SUSPICIOUS_MOVE = YES;
				CLANG_WARN_UNGUARDED_AVAILABILITY = YES_AGGRESSIVE;
				CLANG_WARN_UNREACHABLE_CODE = YES;
				CLANG_WARN__DUPLICATE_METHOD_MATCH = YES;
				COPY_PHASE_STRIP = NO;
				DEBUG_INFORMATION_FORMAT = dwarf;
				ENABLE_STRICT_OBJC_MSGSEND = YES;
				ENABLE_TESTABILITY = YES;
				ENABLE_USER_SCRIPT_SANDBOXING = NO;
				GCC_C_LANGUAGE_STANDARD = gnu17;
				GCC_DYNAMIC_NO_PIC = NO;
				GCC_NO_COMMON_BLOCKS = YES;
				GCC_OPTIMIZATION_LEVEL = 0;
				GCC_PREPROCESSOR_DEFINITIONS = (
					"DEBUG=1",
					"$(inherited)",
				);
				GCC_WARN_64_TO_32_BIT_CONVERSION = YES;
				GCC_WARN_ABOUT_RETURN_TYPE = YES_ERROR;
				GCC_WARN_UNDECLARED_SELECTOR = YES;
				GCC_WARN_UNINITIALIZED_AUTOS = YES_AGGRESSIVE;
				GCC_WARN_UNUSED_FUNCTION = YES;
				GCC_WARN_UNUSED_VARIABLE = YES;
				IPHONEOS_DEPLOYMENT_TARGET = 17.4;
				LOCALIZATION_PREFERS_STRING_CATALOGS = YES;
				MTL_ENABLE_DEBUG_INFO = INCLUDE_SOURCE;
				MTL_FAST_MATH = YES;
				ONLY_ACTIVE_ARCH = YES;
				SDKROOT = iphoneos;
				SWIFT_ACTIVE_COMPILATION_CONDITIONS = "DEBUG $(inherited)";
				SWIFT_OPTIMIZATION_LEVEL = "-Onone";
			};
			name = Debug;
		};
		037372CA2BED1A1F00A00B13 /* Release */ = {
			isa = XCBuildConfiguration;
			buildSettings = {
				ALWAYS_SEARCH_USER_PATHS = NO;
				ASSETCATALOG_COMPILER_GENERATE_SWIFT_ASSET_SYMBOL_EXTENSIONS = YES;
				CLANG_ANALYZER_NONNULL = YES;
				CLANG_ANALYZER_NUMBER_OBJECT_CONVERSION = YES_AGGRESSIVE;
				CLANG_CXX_LANGUAGE_STANDARD = "gnu++20";
				CLANG_ENABLE_MODULES = YES;
				CLANG_ENABLE_OBJC_ARC = YES;
				CLANG_ENABLE_OBJC_WEAK = YES;
				CLANG_WARN_BLOCK_CAPTURE_AUTORELEASING = YES;
				CLANG_WARN_BOOL_CONVERSION = YES;
				CLANG_WARN_COMMA = YES;
				CLANG_WARN_CONSTANT_CONVERSION = YES;
				CLANG_WARN_DEPRECATED_OBJC_IMPLEMENTATIONS = YES;
				CLANG_WARN_DIRECT_OBJC_ISA_USAGE = YES_ERROR;
				CLANG_WARN_DOCUMENTATION_COMMENTS = YES;
				CLANG_WARN_EMPTY_BODY = YES;
				CLANG_WARN_ENUM_CONVERSION = YES;
				CLANG_WARN_INFINITE_RECURSION = YES;
				CLANG_WARN_INT_CONVERSION = YES;
				CLANG_WARN_NON_LITERAL_NULL_CONVERSION = YES;
				CLANG_WARN_OBJC_IMPLICIT_RETAIN_SELF = YES;
				CLANG_WARN_OBJC_LITERAL_CONVERSION = YES;
				CLANG_WARN_OBJC_ROOT_CLASS = YES_ERROR;
				CLANG_WARN_QUOTED_INCLUDE_IN_FRAMEWORK_HEADER = YES;
				CLANG_WARN_RANGE_LOOP_ANALYSIS = YES;
				CLANG_WARN_STRICT_PROTOTYPES = YES;
				CLANG_WARN_SUSPICIOUS_MOVE = YES;
				CLANG_WARN_UNGUARDED_AVAILABILITY = YES_AGGRESSIVE;
				CLANG_WARN_UNREACHABLE_CODE = YES;
				CLANG_WARN__DUPLICATE_METHOD_MATCH = YES;
				COPY_PHASE_STRIP = NO;
				DEBUG_INFORMATION_FORMAT = "dwarf-with-dsym";
				ENABLE_NS_ASSERTIONS = NO;
				ENABLE_STRICT_OBJC_MSGSEND = YES;
				ENABLE_USER_SCRIPT_SANDBOXING = NO;
				GCC_C_LANGUAGE_STANDARD = gnu17;
				GCC_NO_COMMON_BLOCKS = YES;
				GCC_WARN_64_TO_32_BIT_CONVERSION = YES;
				GCC_WARN_ABOUT_RETURN_TYPE = YES_ERROR;
				GCC_WARN_UNDECLARED_SELECTOR = YES;
				GCC_WARN_UNINITIALIZED_AUTOS = YES_AGGRESSIVE;
				GCC_WARN_UNUSED_FUNCTION = YES;
				GCC_WARN_UNUSED_VARIABLE = YES;
				IPHONEOS_DEPLOYMENT_TARGET = 17.4;
				LOCALIZATION_PREFERS_STRING_CATALOGS = YES;
				MTL_ENABLE_DEBUG_INFO = NO;
				MTL_FAST_MATH = YES;
				SDKROOT = iphoneos;
				SWIFT_COMPILATION_MODE = wholemodule;
				VALIDATE_PRODUCT = YES;
			};
			name = Release;
		};
		037372CC2BED1A1F00A00B13 /* Debug */ = {
			isa = XCBuildConfiguration;
			baseConfigurationReference = C2BD4712902400F166B665E5 /* Pods-Pokemon.debug.xcconfig */;
			buildSettings = {
				ASSETCATALOG_COMPILER_APPICON_NAME = AppIcon;
				ASSETCATALOG_COMPILER_GLOBAL_ACCENT_COLOR_NAME = AccentColor;
				CODE_SIGN_STYLE = Automatic;
				CURRENT_PROJECT_VERSION = 1;
				DEVELOPMENT_TEAM = RUMZ95RGV7;
				ENABLE_USER_SCRIPT_SANDBOXING = NO;
				GENERATE_INFOPLIST_FILE = YES;
				INFOPLIST_FILE = Pokemon/Info.plist;
				INFOPLIST_KEY_LSApplicationCategoryType = "public.app-category.entertainment";
				INFOPLIST_KEY_UIApplicationSupportsIndirectInputEvents = YES;
				INFOPLIST_KEY_UILaunchStoryboardName = LaunchScreen;
				INFOPLIST_KEY_UISupportedInterfaceOrientations = "UIInterfaceOrientationLandscapeLeft UIInterfaceOrientationLandscapeRight UIInterfaceOrientationPortrait UIInterfaceOrientationPortraitUpsideDown";
				LD_RUNPATH_SEARCH_PATHS = (
					"$(inherited)",
					"@executable_path/Frameworks",
				);
				MARKETING_VERSION = 1.0;
				PRODUCT_BUNDLE_IDENTIFIER = com.miguelmartins.Pokemon;
				PRODUCT_NAME = "$(TARGET_NAME)";
				SWIFT_EMIT_LOC_STRINGS = YES;
				SWIFT_VERSION = 5.0;
				TARGETED_DEVICE_FAMILY = "1,2";
			};
			name = Debug;
		};
		037372CD2BED1A1F00A00B13 /* Release */ = {
			isa = XCBuildConfiguration;
			baseConfigurationReference = FAE1BCF324C08CE9CEE4183A /* Pods-Pokemon.release.xcconfig */;
			buildSettings = {
				ASSETCATALOG_COMPILER_APPICON_NAME = AppIcon;
				ASSETCATALOG_COMPILER_GLOBAL_ACCENT_COLOR_NAME = AccentColor;
				CODE_SIGN_STYLE = Automatic;
				CURRENT_PROJECT_VERSION = 1;
				DEVELOPMENT_TEAM = RUMZ95RGV7;
				ENABLE_USER_SCRIPT_SANDBOXING = NO;
				GENERATE_INFOPLIST_FILE = YES;
				INFOPLIST_FILE = Pokemon/Info.plist;
				INFOPLIST_KEY_LSApplicationCategoryType = "public.app-category.entertainment";
				INFOPLIST_KEY_UIApplicationSupportsIndirectInputEvents = YES;
				INFOPLIST_KEY_UILaunchStoryboardName = LaunchScreen;
				INFOPLIST_KEY_UISupportedInterfaceOrientations = "UIInterfaceOrientationLandscapeLeft UIInterfaceOrientationLandscapeRight UIInterfaceOrientationPortrait UIInterfaceOrientationPortraitUpsideDown";
				LD_RUNPATH_SEARCH_PATHS = (
					"$(inherited)",
					"@executable_path/Frameworks",
				);
				MARKETING_VERSION = 1.0;
				PRODUCT_BUNDLE_IDENTIFIER = com.miguelmartins.Pokemon;
				PRODUCT_NAME = "$(TARGET_NAME)";
				SWIFT_EMIT_LOC_STRINGS = YES;
				SWIFT_VERSION = 5.0;
				TARGETED_DEVICE_FAMILY = "1,2";
			};
			name = Release;
		};
		037372CF2BED1A1F00A00B13 /* Debug */ = {
			isa = XCBuildConfiguration;
			baseConfigurationReference = 2A2D8CA4804650EDFE7E1127 /* Pods-PokemonTests.debug.xcconfig */;
			buildSettings = {
				ALWAYS_EMBED_SWIFT_STANDARD_LIBRARIES = YES;
				BUNDLE_LOADER = "$(TEST_HOST)";
				CODE_SIGN_STYLE = Automatic;
				CURRENT_PROJECT_VERSION = 1;
				DEVELOPMENT_TEAM = RUMZ95RGV7;
				GENERATE_INFOPLIST_FILE = YES;
				IPHONEOS_DEPLOYMENT_TARGET = 17.4;
				MARKETING_VERSION = 1.0;
				PRODUCT_BUNDLE_IDENTIFIER = com.miguelmartins.PokemonTests;
				PRODUCT_NAME = "$(TARGET_NAME)";
				SWIFT_EMIT_LOC_STRINGS = NO;
				SWIFT_VERSION = 5.0;
				TARGETED_DEVICE_FAMILY = "1,2";
				TEST_HOST = "$(BUILT_PRODUCTS_DIR)/Pokemon.app/$(BUNDLE_EXECUTABLE_FOLDER_PATH)/Pokemon";
			};
			name = Debug;
		};
		037372D02BED1A1F00A00B13 /* Release */ = {
			isa = XCBuildConfiguration;
			baseConfigurationReference = 42861BC732A29EF5CA945068 /* Pods-PokemonTests.release.xcconfig */;
			buildSettings = {
				ALWAYS_EMBED_SWIFT_STANDARD_LIBRARIES = YES;
				BUNDLE_LOADER = "$(TEST_HOST)";
				CODE_SIGN_STYLE = Automatic;
				CURRENT_PROJECT_VERSION = 1;
				DEVELOPMENT_TEAM = RUMZ95RGV7;
				GENERATE_INFOPLIST_FILE = YES;
				IPHONEOS_DEPLOYMENT_TARGET = 17.4;
				MARKETING_VERSION = 1.0;
				PRODUCT_BUNDLE_IDENTIFIER = com.miguelmartins.PokemonTests;
				PRODUCT_NAME = "$(TARGET_NAME)";
				SWIFT_EMIT_LOC_STRINGS = NO;
				SWIFT_VERSION = 5.0;
				TARGETED_DEVICE_FAMILY = "1,2";
				TEST_HOST = "$(BUILT_PRODUCTS_DIR)/Pokemon.app/$(BUNDLE_EXECUTABLE_FOLDER_PATH)/Pokemon";
			};
			name = Release;
		};
		037372D22BED1A1F00A00B13 /* Debug */ = {
			isa = XCBuildConfiguration;
			baseConfigurationReference = 1D1FE46CC182875C0D0A3615 /* Pods-Pokemon-PokemonUITests.debug.xcconfig */;
			buildSettings = {
				ALWAYS_EMBED_SWIFT_STANDARD_LIBRARIES = YES;
				CODE_SIGN_STYLE = Automatic;
				CURRENT_PROJECT_VERSION = 1;
				DEVELOPMENT_TEAM = RUMZ95RGV7;
				GENERATE_INFOPLIST_FILE = YES;
				MARKETING_VERSION = 1.0;
				PRODUCT_BUNDLE_IDENTIFIER = com.miguelmartins.PokemonUITests;
				PRODUCT_NAME = "$(TARGET_NAME)";
				SWIFT_EMIT_LOC_STRINGS = NO;
				SWIFT_VERSION = 5.0;
				TARGETED_DEVICE_FAMILY = "1,2";
				TEST_TARGET_NAME = Pokemon;
			};
			name = Debug;
		};
		037372D32BED1A1F00A00B13 /* Release */ = {
			isa = XCBuildConfiguration;
			baseConfigurationReference = A3F95AA1E40B58AF640DD887 /* Pods-Pokemon-PokemonUITests.release.xcconfig */;
			buildSettings = {
				ALWAYS_EMBED_SWIFT_STANDARD_LIBRARIES = YES;
				CODE_SIGN_STYLE = Automatic;
				CURRENT_PROJECT_VERSION = 1;
				DEVELOPMENT_TEAM = RUMZ95RGV7;
				GENERATE_INFOPLIST_FILE = YES;
				MARKETING_VERSION = 1.0;
				PRODUCT_BUNDLE_IDENTIFIER = com.miguelmartins.PokemonUITests;
				PRODUCT_NAME = "$(TARGET_NAME)";
				SWIFT_EMIT_LOC_STRINGS = NO;
				SWIFT_VERSION = 5.0;
				TARGETED_DEVICE_FAMILY = "1,2";
				TEST_TARGET_NAME = Pokemon;
			};
			name = Release;
		};
/* End XCBuildConfiguration section */

/* Begin XCConfigurationList section */
		0373729C2BED1A1E00A00B13 /* Build configuration list for PBXProject "Pokemon" */ = {
			isa = XCConfigurationList;
			buildConfigurations = (
				037372C92BED1A1F00A00B13 /* Debug */,
				037372CA2BED1A1F00A00B13 /* Release */,
			);
			defaultConfigurationIsVisible = 0;
			defaultConfigurationName = Release;
		};
		037372CB2BED1A1F00A00B13 /* Build configuration list for PBXNativeTarget "Pokemon" */ = {
			isa = XCConfigurationList;
			buildConfigurations = (
				037372CC2BED1A1F00A00B13 /* Debug */,
				037372CD2BED1A1F00A00B13 /* Release */,
			);
			defaultConfigurationIsVisible = 0;
			defaultConfigurationName = Release;
		};
		037372CE2BED1A1F00A00B13 /* Build configuration list for PBXNativeTarget "PokemonTests" */ = {
			isa = XCConfigurationList;
			buildConfigurations = (
				037372CF2BED1A1F00A00B13 /* Debug */,
				037372D02BED1A1F00A00B13 /* Release */,
			);
			defaultConfigurationIsVisible = 0;
			defaultConfigurationName = Release;
		};
		037372D12BED1A1F00A00B13 /* Build configuration list for PBXNativeTarget "PokemonUITests" */ = {
			isa = XCConfigurationList;
			buildConfigurations = (
				037372D22BED1A1F00A00B13 /* Debug */,
				037372D32BED1A1F00A00B13 /* Release */,
			);
			defaultConfigurationIsVisible = 0;
			defaultConfigurationName = Release;
		};
/* End XCConfigurationList section */
	};
	rootObject = 037372992BED1A1E00A00B13 /* Project object */;
}
